
Microsoft Visual Studio Solution File, Format Version 12.00
# Visual Studio Version 17
VisualStudioVersion = 17.2.32602.215
MinimumVisualStudioVersion = 10.0.40219.1
Project("{9A19103F-16F7-4668-BE54-9A1E7A4F7556}") = "anyhandy-API", "anyhandy-API\anyhandy-API.csproj", "{1262AF22-0407-49E7-BFB0-FFB467BC453E}"
EndProject
Project("{9A19103F-16F7-4668-BE54-9A1E7A4F7556}") = "Anyhandy.DataProvider.EFCore", "Anyhandy.DataProvider.EFCore\Anyhandy.DataProvider.EFCore.csproj", "{88D22AD2-F251-4A63-AB2D-8156638EB83A}"
EndProject
Project("{FAE04EC0-301F-11D3-BF4B-00C04F79EFBC}") = "Anyhandy.Models", "Anyhandy.Models\Anyhandy.Models.csproj", "{DC242E6E-0055-44BA-A5B3-FDD2DA21F9AF}"
EndProject
Project("{FAE04EC0-301F-11D3-BF4B-00C04F79EFBC}") = "Anyhandy.Services", "Anyhandy.Services\Anyhandy.Services.csproj", "{A1776B86-2164-4152-B4F9-3857896FEAF1}"
EndProject
Project("{FAE04EC0-301F-11D3-BF4B-00C04F79EFBC}") = "Anyhandy.Interface", "Anyhandy.Interface\Anyhandy.Interface.csproj", "{39C0CC56-4F7F-4F1E-A2F2-32300D7689AE}"
EndProject
Project("{FAE04EC0-301F-11D3-BF4B-00C04F79EFBC}") = "Anyhandy.Common", "Anyhandy.Common\Anyhandy.Common.csproj", "{511F4FE6-7849-4731-90F5-F52258EA5B52}"
EndProject
Global
	GlobalSection(SolutionConfigurationPlatforms) = preSolution
		Debug|Any CPU = Debug|Any CPU
		Release|Any CPU = Release|Any CPU
	EndGlobalSection
	GlobalSection(ProjectConfigurationPlatforms) = postSolution
		{1262AF22-0407-49E7-BFB0-FFB467BC453E}.Debug|Any CPU.ActiveCfg = Debug|Any CPU
		{1262AF22-0407-49E7-BFB0-FFB467BC453E}.Debug|Any CPU.Build.0 = Debug|Any CPU
		{1262AF22-0407-49E7-BFB0-FFB467BC453E}.Release|Any CPU.ActiveCfg = Release|Any CPU
		{1262AF22-0407-49E7-BFB0-FFB467BC453E}.Release|Any CPU.Build.0 = Release|Any CPU
		{88D22AD2-F251-4A63-AB2D-8156638EB83A}.Debug|Any CPU.ActiveCfg = Debug|Any CPU
		{88D22AD2-F251-4A63-AB2D-8156638EB83A}.Debug|Any CPU.Build.0 = Debug|Any CPU
		{88D22AD2-F251-4A63-AB2D-8156638EB83A}.Release|Any CPU.ActiveCfg = Release|Any CPU
		{88D22AD2-F251-4A63-AB2D-8156638EB83A}.Release|Any CPU.Build.0 = Release|Any CPU
		{DC242E6E-0055-44BA-A5B3-FDD2DA21F9AF}.Debug|Any CPU.ActiveCfg = Debug|Any CPU
		{DC242E6E-0055-44BA-A5B3-FDD2DA21F9AF}.Debug|Any CPU.Build.0 = Debug|Any CPU
		{DC242E6E-0055-44BA-A5B3-FDD2DA21F9AF}.Release|Any CPU.ActiveCfg = Release|Any CPU
		{DC242E6E-0055-44BA-A5B3-FDD2DA21F9AF}.Release|Any CPU.Build.0 = Release|Any CPU
		{A1776B86-2164-4152-B4F9-3857896FEAF1}.Debug|Any CPU.ActiveCfg = Debug|Any CPU
		{A1776B86-2164-4152-B4F9-3857896FEAF1}.Debug|Any CPU.Build.0 = Debug|Any CPU
		{A1776B86-2164-4152-B4F9-3857896FEAF1}.Release|Any CPU.ActiveCfg = Release|Any CPU
		{A1776B86-2164-4152-B4F9-3857896FEAF1}.Release|Any CPU.Build.0 = Release|Any CPU
		{39C0CC56-4F7F-4F1E-A2F2-32300D7689AE}.Debug|Any CPU.ActiveCfg = Debug|Any CPU
		{39C0CC56-4F7F-4F1E-A2F2-32300D7689AE}.Debug|Any CPU.Build.0 = Debug|Any CPU
		{39C0CC56-4F7F-4F1E-A2F2-32300D7689AE}.Release|Any CPU.ActiveCfg = Release|Any CPU
		{39C0CC56-4F7F-4F1E-A2F2-32300D7689AE}.Release|Any CPU.Build.0 = Release|Any CPU
		{511F4FE6-7849-4731-90F5-F52258EA5B52}.Debug|Any CPU.ActiveCfg = Debug|Any CPU
		{511F4FE6-7849-4731-90F5-F52258EA5B52}.Debug|Any CPU.Build.0 = Debug|Any CPU
		{511F4FE6-7849-4731-90F5-F52258EA5B52}.Release|Any CPU.ActiveCfg = Release|Any CPU
		{511F4FE6-7849-4731-90F5-F52258EA5B52}.Release|Any CPU.Build.0 = Release|Any CPU
	EndGlobalSection
	GlobalSection(SolutionProperties) = preSolution
		HideSolutionNode = FALSE
	EndGlobalSection
	GlobalSection(ExtensibilityGlobals) = postSolution
		SolutionGuid = {72B719C3-72EC-45D7-AF10-3E2B7216D314}
	EndGlobalSection
EndGlobal
